
Microsoft Visual Studio Solution File, Format Version 12.00
# Visual Studio Version 17
VisualStudioVersion = 17.9.34728.123
MinimumVisualStudioVersion = 10.0.40219.1
Project("{8BC9CEB8-8B4A-11D0-8D11-00A0C91BC942}") = "DS_Implementation", "DS_Implementation\DS_Implementation.vcxproj", "{504A81D3-3E89-40EC-851D-C3B9906974C4}"
EndProject
Global
	GlobalSection(SolutionConfigurationPlatforms) = preSolution
		Debug|x64 = Debug|x64
		Debug|x86 = Debug|x86
		Release|x64 = Release|x64
		Release|x86 = Release|x86
	EndGlobalSection
	GlobalSection(ProjectConfigurationPlatforms) = postSolution
		{504A81D3-3E89-40EC-851D-C3B9906974C4}.Debug|x64.ActiveCfg = Debug|x64
		{504A81D3-3E89-40EC-851D-C3B9906974C4}.Debug|x64.Build.0 = Debug|x64
		{504A81D3-3E89-40EC-851D-C3B9906974C4}.Debug|x86.ActiveCfg = Debug|Win32
		{504A81D3-3E89-40EC-851D-C3B9906974C4}.Debug|x86.Build.0 = Debug|Win32
		{504A81D3-3E89-40EC-851D-C3B9906974C4}.Release|x64.ActiveCfg = Release|x64
		{504A81D3-3E89-40EC-851D-C3B9906974C4}.Release|x64.Build.0 = Release|x64
		{504A81D3-3E89-40EC-851D-C3B9906974C4}.Release|x86.ActiveCfg = Release|Win32
		{504A81D3-3E89-40EC-851D-C3B9906974C4}.Release|x86.Build.0 = Release|Win32
	EndGlobalSection
	GlobalSection(SolutionProperties) = preSolution
		HideSolutionNode = FALSE
	EndGlobalSection
	GlobalSection(ExtensibilityGlobals) = postSolution
		SolutionGuid = {9AFAF1C2-D22F-41B2-9602-3E3BE7B836F5}
	EndGlobalSection
EndGlobal
